<?xml version="1.0" encoding="utf-8"?>
<Project ToolsVersion="17.0" xmlns="http://schemas.microsoft.com/developer/msbuild/2003">
  <ItemGroup>
    <CustomBuild Include="C:\Users\sambr\Desktop\Brambles\CMakeFiles\57da577a3c80867c52fd4181a7dff35b\generate.stamp.rule">
      <Filter>CMake Rules</Filter>
    </CustomBuild>
  </ItemGroup>
  <ItemGroup>
    <Filter Include="CMake Rules">
      <UniqueIdentifier>{5AB730EF-8730-3FFB-82A5-D1C00B38DF6F}</UniqueIdentifier>
    </Filter>
  </ItemGroup>
</Project>
